
Microsoft Visual Studio Solution File, Format Version 12.00
# Visual Studio Version 16
VisualStudioVersion = 16.0.29920.165
MinimumVisualStudioVersion = 10.0.40219.1
Project("{FAE04EC0-301F-11D3-BF4B-00C04F79EFBC}") = "Test2_Retake", "Test2_Retake.csproj", "{A16ECD83-6D68-4958-A339-820185F8A2B8}"
EndProject
Global
	GlobalSection(SolutionConfigurationPlatforms) = preSolution
		Debug|Any CPU = Debug|Any CPU
		Release|Any CPU = Release|Any CPU
	EndGlobalSection
	GlobalSection(ProjectConfigurationPlatforms) = postSolution
		{A16ECD83-6D68-4958-A339-820185F8A2B8}.Debug|Any CPU.ActiveCfg = Debug|Any CPU
		{A16ECD83-6D68-4958-A339-820185F8A2B8}.Debug|Any CPU.Build.0 = Debug|Any CPU
		{A16ECD83-6D68-4958-A339-820185F8A2B8}.Release|Any CPU.ActiveCfg = Release|Any CPU
		{A16ECD83-6D68-4958-A339-820185F8A2B8}.Release|Any CPU.Build.0 = Release|Any CPU
	EndGlobalSection
	GlobalSection(SolutionProperties) = preSolution
		HideSolutionNode = FALSE
	EndGlobalSection
	GlobalSection(ExtensibilityGlobals) = postSolution
		SolutionGuid = {46B9E695-48FF-45D6-B0CA-B6F858494378}
	EndGlobalSection
EndGlobal
